
Microsoft Visual Studio Solution File, Format Version 12.00
# Visual Studio Version 16
VisualStudioVersion = 16.0.30204.135
MinimumVisualStudioVersion = 10.0.40219.1
Project("{FAE04EC0-301F-11D3-BF4B-00C04F79EFBC}") = "TaxInspection", "TaxInspection.csproj", "{56D955B9-60D8-4394-9CCE-7FAE0230652E}"
EndProject
Global
	GlobalSection(SolutionConfigurationPlatforms) = preSolution
		Debug|Any CPU = Debug|Any CPU
		Release|Any CPU = Release|Any CPU
	EndGlobalSection
	GlobalSection(ProjectConfigurationPlatforms) = postSolution
		{56D955B9-60D8-4394-9CCE-7FAE0230652E}.Debug|Any CPU.ActiveCfg = Debug|Any CPU
		{56D955B9-60D8-4394-9CCE-7FAE0230652E}.Debug|Any CPU.Build.0 = Debug|Any CPU
		{56D955B9-60D8-4394-9CCE-7FAE0230652E}.Release|Any CPU.ActiveCfg = Release|Any CPU
		{56D955B9-60D8-4394-9CCE-7FAE0230652E}.Release|Any CPU.Build.0 = Release|Any CPU
	EndGlobalSection
	GlobalSection(SolutionProperties) = preSolution
		HideSolutionNode = FALSE
	EndGlobalSection
	GlobalSection(ExtensibilityGlobals) = postSolution
		SolutionGuid = {E2C55361-1197-4B04-B177-2B00033F6336}
	EndGlobalSection
EndGlobal
